
Microsoft Visual Studio Solution File, Format Version 12.00
# Visual Studio 15
VisualStudioVersion = 15.0.28010.2003
MinimumVisualStudioVersion = 10.0.40219.1
Project("{FAE04EC0-301F-11D3-BF4B-00C04F79EFBC}") = "PaybearSharp", "PaybearSharp\PaybearSharp.csproj", "{97DB0454-077D-48FA-8F1C-570BC49C6F98}"
EndProject
Global
	GlobalSection(SolutionConfigurationPlatforms) = preSolution
		Debug|Any CPU = Debug|Any CPU
		Release|Any CPU = Release|Any CPU
	EndGlobalSection
	GlobalSection(ProjectConfigurationPlatforms) = postSolution
		{97DB0454-077D-48FA-8F1C-570BC49C6F98}.Debug|Any CPU.ActiveCfg = Debug|Any CPU
		{97DB0454-077D-48FA-8F1C-570BC49C6F98}.Debug|Any CPU.Build.0 = Debug|Any CPU
		{97DB0454-077D-48FA-8F1C-570BC49C6F98}.Release|Any CPU.ActiveCfg = Release|Any CPU
		{97DB0454-077D-48FA-8F1C-570BC49C6F98}.Release|Any CPU.Build.0 = Release|Any CPU
	EndGlobalSection
	GlobalSection(SolutionProperties) = preSolution
		HideSolutionNode = FALSE
	EndGlobalSection
	GlobalSection(ExtensibilityGlobals) = postSolution
		SolutionGuid = {FBB1C966-51B9-47A7-BEB9-96E20359D191}
	EndGlobalSection
EndGlobal
